
Microsoft Visual Studio Solution File, Format Version 12.00
# Visual Studio 15
VisualStudioVersion = 15.0.28307.1145
MinimumVisualStudioVersion = 10.0.40219.1
Project("{8BC9CEB8-8B4A-11D0-8D11-00A0C91BC942}") = "05153", "05153\05153.vcxproj", "{DFEE263A-0DDE-4FDB-8977-64812F17554C}"
EndProject
Global
	GlobalSection(SolutionConfigurationPlatforms) = preSolution
		Debug|x64 = Debug|x64
		Debug|x86 = Debug|x86
		Release|x64 = Release|x64
		Release|x86 = Release|x86
	EndGlobalSection
	GlobalSection(ProjectConfigurationPlatforms) = postSolution
		{DFEE263A-0DDE-4FDB-8977-64812F17554C}.Debug|x64.ActiveCfg = Debug|x64
		{DFEE263A-0DDE-4FDB-8977-64812F17554C}.Debug|x64.Build.0 = Debug|x64
		{DFEE263A-0DDE-4FDB-8977-64812F17554C}.Debug|x86.ActiveCfg = Debug|Win32
		{DFEE263A-0DDE-4FDB-8977-64812F17554C}.Debug|x86.Build.0 = Debug|Win32
		{DFEE263A-0DDE-4FDB-8977-64812F17554C}.Release|x64.ActiveCfg = Release|x64
		{DFEE263A-0DDE-4FDB-8977-64812F17554C}.Release|x64.Build.0 = Release|x64
		{DFEE263A-0DDE-4FDB-8977-64812F17554C}.Release|x86.ActiveCfg = Release|Win32
		{DFEE263A-0DDE-4FDB-8977-64812F17554C}.Release|x86.Build.0 = Release|Win32
	EndGlobalSection
	GlobalSection(SolutionProperties) = preSolution
		HideSolutionNode = FALSE
	EndGlobalSection
	GlobalSection(ExtensibilityGlobals) = postSolution
		SolutionGuid = {BADB53CA-ACAE-47AE-B751-456AACB1B819}
	EndGlobalSection
EndGlobal
